
Microsoft Visual Studio Solution File, Format Version 12.00
# Visual Studio 15
VisualStudioVersion = 15.0.28307.421
MinimumVisualStudioVersion = 10.0.40219.1
Project("{FAE04EC0-301F-11D3-BF4B-00C04F79EFBC}") = "OAS", "OAS\OAS.csproj", "{FC787488-E6B4-44CE-A069-3C7540F00CBF}"
EndProject
Project("{FAE04EC0-301F-11D3-BF4B-00C04F79EFBC}") = "OASSignalR", "OASSignalR\OASSignalR.csproj", "{2A4810CF-478F-4CC8-8259-33D2D29E24F0}"
EndProject
Global
	GlobalSection(SolutionConfigurationPlatforms) = preSolution
		Debug|Any CPU = Debug|Any CPU
		Release|Any CPU = Release|Any CPU
	EndGlobalSection
	GlobalSection(ProjectConfigurationPlatforms) = postSolution
		{FC787488-E6B4-44CE-A069-3C7540F00CBF}.Debug|Any CPU.ActiveCfg = Debug|Any CPU
		{FC787488-E6B4-44CE-A069-3C7540F00CBF}.Debug|Any CPU.Build.0 = Debug|Any CPU
		{FC787488-E6B4-44CE-A069-3C7540F00CBF}.Release|Any CPU.ActiveCfg = Release|Any CPU
		{FC787488-E6B4-44CE-A069-3C7540F00CBF}.Release|Any CPU.Build.0 = Release|Any CPU
		{2A4810CF-478F-4CC8-8259-33D2D29E24F0}.Debug|Any CPU.ActiveCfg = Debug|Any CPU
		{2A4810CF-478F-4CC8-8259-33D2D29E24F0}.Debug|Any CPU.Build.0 = Debug|Any CPU
		{2A4810CF-478F-4CC8-8259-33D2D29E24F0}.Release|Any CPU.ActiveCfg = Release|Any CPU
		{2A4810CF-478F-4CC8-8259-33D2D29E24F0}.Release|Any CPU.Build.0 = Release|Any CPU
	EndGlobalSection
	GlobalSection(SolutionProperties) = preSolution
		HideSolutionNode = FALSE
	EndGlobalSection
	GlobalSection(ExtensibilityGlobals) = postSolution
		SolutionGuid = {5B46CAEE-8DEE-4386-AB65-7EE9D76D08AC}
	EndGlobalSection
EndGlobal
